
Microsoft Visual Studio Solution File, Format Version 12.00
# Visual Studio Version 16
VisualStudioVersion = 16.0.29411.108
MinimumVisualStudioVersion = 10.0.40219.1
Project("{FAE04EC0-301F-11D3-BF4B-00C04F79EFBC}") = "EjercicioDepartamentos", "EjercicioDepartamentos\EjercicioDepartamentos.csproj", "{68AEAF4E-6B74-4F44-8AE7-13460B8014D2}"
EndProject
Global
	GlobalSection(SolutionConfigurationPlatforms) = preSolution
		Debug|Any CPU = Debug|Any CPU
		Release|Any CPU = Release|Any CPU
	EndGlobalSection
	GlobalSection(ProjectConfigurationPlatforms) = postSolution
		{68AEAF4E-6B74-4F44-8AE7-13460B8014D2}.Debug|Any CPU.ActiveCfg = Debug|Any CPU
		{68AEAF4E-6B74-4F44-8AE7-13460B8014D2}.Debug|Any CPU.Build.0 = Debug|Any CPU
		{68AEAF4E-6B74-4F44-8AE7-13460B8014D2}.Release|Any CPU.ActiveCfg = Release|Any CPU
		{68AEAF4E-6B74-4F44-8AE7-13460B8014D2}.Release|Any CPU.Build.0 = Release|Any CPU
	EndGlobalSection
	GlobalSection(SolutionProperties) = preSolution
		HideSolutionNode = FALSE
	EndGlobalSection
	GlobalSection(ExtensibilityGlobals) = postSolution
		SolutionGuid = {B05AA830-66F1-4A51-8166-3B7488C19D2B}
	EndGlobalSection
EndGlobal
